
Microsoft Visual Studio Solution File, Format Version 12.00
# Visual Studio Version 17
VisualStudioVersion = 17.3.32825.248
MinimumVisualStudioVersion = 10.0.40219.1
Project("{9A19103F-16F7-4668-BE54-9A1E7A4F7556}") = "project2", "project2\project2.csproj", "{EECBFFDA-146B-4D04-A0C6-231602CBD7F5}"
EndProject
Global
	GlobalSection(SolutionConfigurationPlatforms) = preSolution
		Debug|Any CPU = Debug|Any CPU
		Release|Any CPU = Release|Any CPU
	EndGlobalSection
	GlobalSection(ProjectConfigurationPlatforms) = postSolution
		{EECBFFDA-146B-4D04-A0C6-231602CBD7F5}.Debug|Any CPU.ActiveCfg = Debug|Any CPU
		{EECBFFDA-146B-4D04-A0C6-231602CBD7F5}.Debug|Any CPU.Build.0 = Debug|Any CPU
		{EECBFFDA-146B-4D04-A0C6-231602CBD7F5}.Release|Any CPU.ActiveCfg = Release|Any CPU
		{EECBFFDA-146B-4D04-A0C6-231602CBD7F5}.Release|Any CPU.Build.0 = Release|Any CPU
	EndGlobalSection
	GlobalSection(SolutionProperties) = preSolution
		HideSolutionNode = FALSE
	EndGlobalSection
	GlobalSection(ExtensibilityGlobals) = postSolution
		VisualSVNWorkingCopyRoot = .
		SolutionGuid = {5F6A35ED-28E3-429A-A127-1C6FE15019F6}
	EndGlobalSection
EndGlobal
